<Solution>
  <Project Path="ProductManager.Application/ProductManager.Application.csproj" />
  <Project Path="ProductManager.Domain/ProductManager.Domain.csproj" />
  <Project Path="ProductManager.Infrastructure/ProductManager.Infrastructure.csproj" />
  <Project Path="ProductManager.Web/ProductManager.Web.csproj" />
</Solution>
